
Microsoft Visual Studio Solution File, Format Version 12.00
# Visual Studio Version 16
VisualStudioVersion = 16.0.29728.190
MinimumVisualStudioVersion = 10.0.40219.1
Project("{9A19103F-16F7-4668-BE54-9A1E7A4F7556}") = "LR3", "LR3\LR3.csproj", "{AE4BCD80-3585-46DA-B800-651CE45A8A9B}"
EndProject
Project("{9A19103F-16F7-4668-BE54-9A1E7A4F7556}") = "Shared", "Shared\Shared.csproj", "{C74B7E27-2D20-4604-8545-3F9A3CDA28AE}"
EndProject
Project("{9A19103F-16F7-4668-BE54-9A1E7A4F7556}") = "LR1", "LR1\LR1.csproj", "{921D28AA-8E64-4C21-82B8-0C62F10C3C66}"
EndProject
Project("{9A19103F-16F7-4668-BE54-9A1E7A4F7556}") = "LR2_1", "LR2\LR2_1.csproj", "{ADE87F05-0FD1-474D-8704-17255B9FDEC4}"
EndProject
Project("{9A19103F-16F7-4668-BE54-9A1E7A4F7556}") = "LR2_2", "LR2_2\LR2_2.csproj", "{E952CB7E-A834-4833-9CBE-954863A48AB3}"
EndProject
Project("{9A19103F-16F7-4668-BE54-9A1E7A4F7556}") = "LR5", "LR5\LR5.csproj", "{3B421999-897A-46E1-847E-1FE2CDF56CEA}"
EndProject
Project("{9A19103F-16F7-4668-BE54-9A1E7A4F7556}") = "LR6", "LR6\LR6.csproj", "{6AFFA848-8A35-44C5-B5D3-F4B02BB9F226}"
EndProject
Project("{FAE04EC0-301F-11D3-BF4B-00C04F79EFBC}") = "LR14", "LR14\LR14.csproj", "{6F8A348B-4431-4028-9B6A-164D600F768C}"
EndProject
Global
	GlobalSection(SolutionConfigurationPlatforms) = preSolution
		Debug|Any CPU = Debug|Any CPU
		Release|Any CPU = Release|Any CPU
	EndGlobalSection
	GlobalSection(ProjectConfigurationPlatforms) = postSolution
		{AE4BCD80-3585-46DA-B800-651CE45A8A9B}.Debug|Any CPU.ActiveCfg = Debug|Any CPU
		{AE4BCD80-3585-46DA-B800-651CE45A8A9B}.Debug|Any CPU.Build.0 = Debug|Any CPU
		{AE4BCD80-3585-46DA-B800-651CE45A8A9B}.Release|Any CPU.ActiveCfg = Release|Any CPU
		{AE4BCD80-3585-46DA-B800-651CE45A8A9B}.Release|Any CPU.Build.0 = Release|Any CPU
		{C74B7E27-2D20-4604-8545-3F9A3CDA28AE}.Debug|Any CPU.ActiveCfg = Debug|Any CPU
		{C74B7E27-2D20-4604-8545-3F9A3CDA28AE}.Debug|Any CPU.Build.0 = Debug|Any CPU
		{C74B7E27-2D20-4604-8545-3F9A3CDA28AE}.Release|Any CPU.ActiveCfg = Release|Any CPU
		{C74B7E27-2D20-4604-8545-3F9A3CDA28AE}.Release|Any CPU.Build.0 = Release|Any CPU
		{921D28AA-8E64-4C21-82B8-0C62F10C3C66}.Debug|Any CPU.ActiveCfg = Debug|Any CPU
		{921D28AA-8E64-4C21-82B8-0C62F10C3C66}.Debug|Any CPU.Build.0 = Debug|Any CPU
		{921D28AA-8E64-4C21-82B8-0C62F10C3C66}.Release|Any CPU.ActiveCfg = Release|Any CPU
		{921D28AA-8E64-4C21-82B8-0C62F10C3C66}.Release|Any CPU.Build.0 = Release|Any CPU
		{ADE87F05-0FD1-474D-8704-17255B9FDEC4}.Debug|Any CPU.ActiveCfg = Debug|Any CPU
		{ADE87F05-0FD1-474D-8704-17255B9FDEC4}.Debug|Any CPU.Build.0 = Debug|Any CPU
		{ADE87F05-0FD1-474D-8704-17255B9FDEC4}.Release|Any CPU.ActiveCfg = Release|Any CPU
		{ADE87F05-0FD1-474D-8704-17255B9FDEC4}.Release|Any CPU.Build.0 = Release|Any CPU
		{E952CB7E-A834-4833-9CBE-954863A48AB3}.Debug|Any CPU.ActiveCfg = Debug|Any CPU
		{E952CB7E-A834-4833-9CBE-954863A48AB3}.Debug|Any CPU.Build.0 = Debug|Any CPU
		{E952CB7E-A834-4833-9CBE-954863A48AB3}.Release|Any CPU.ActiveCfg = Release|Any CPU
		{E952CB7E-A834-4833-9CBE-954863A48AB3}.Release|Any CPU.Build.0 = Release|Any CPU
		{3B421999-897A-46E1-847E-1FE2CDF56CEA}.Debug|Any CPU.ActiveCfg = Debug|Any CPU
		{3B421999-897A-46E1-847E-1FE2CDF56CEA}.Debug|Any CPU.Build.0 = Debug|Any CPU
		{3B421999-897A-46E1-847E-1FE2CDF56CEA}.Release|Any CPU.ActiveCfg = Release|Any CPU
		{3B421999-897A-46E1-847E-1FE2CDF56CEA}.Release|Any CPU.Build.0 = Release|Any CPU
		{6AFFA848-8A35-44C5-B5D3-F4B02BB9F226}.Debug|Any CPU.ActiveCfg = Debug|Any CPU
		{6AFFA848-8A35-44C5-B5D3-F4B02BB9F226}.Debug|Any CPU.Build.0 = Debug|Any CPU
		{6AFFA848-8A35-44C5-B5D3-F4B02BB9F226}.Release|Any CPU.ActiveCfg = Release|Any CPU
		{6AFFA848-8A35-44C5-B5D3-F4B02BB9F226}.Release|Any CPU.Build.0 = Release|Any CPU
		{6F8A348B-4431-4028-9B6A-164D600F768C}.Debug|Any CPU.ActiveCfg = Debug|Any CPU
		{6F8A348B-4431-4028-9B6A-164D600F768C}.Debug|Any CPU.Build.0 = Debug|Any CPU
		{6F8A348B-4431-4028-9B6A-164D600F768C}.Release|Any CPU.ActiveCfg = Release|Any CPU
		{6F8A348B-4431-4028-9B6A-164D600F768C}.Release|Any CPU.Build.0 = Release|Any CPU
	EndGlobalSection
	GlobalSection(SolutionProperties) = preSolution
		HideSolutionNode = FALSE
	EndGlobalSection
	GlobalSection(ExtensibilityGlobals) = postSolution
		SolutionGuid = {4987AAD3-1F25-43D4-8D75-3889EBE483DD}
	EndGlobalSection
EndGlobal
